
Microsoft Visual Studio Solution File, Format Version 12.00
# Visual Studio Version 17
VisualStudioVersion = 17.3.32929.385
MinimumVisualStudioVersion = 10.0.40219.1
Project("{FAE04EC0-301F-11D3-BF4B-00C04F79EFBC}") = "Control_PanTilt_Angle", "PanTilt123\Control_PanTilt_Angle.csproj", "{68AF689F-E972-453D-898C-BBC419825F8A}"
EndProject
Global
	GlobalSection(SolutionConfigurationPlatforms) = preSolution
		Debug|Any CPU = Debug|Any CPU
		Release|Any CPU = Release|Any CPU
	EndGlobalSection
	GlobalSection(ProjectConfigurationPlatforms) = postSolution
		{68AF689F-E972-453D-898C-BBC419825F8A}.Debug|Any CPU.ActiveCfg = Debug|Any CPU
		{68AF689F-E972-453D-898C-BBC419825F8A}.Debug|Any CPU.Build.0 = Debug|Any CPU
		{68AF689F-E972-453D-898C-BBC419825F8A}.Release|Any CPU.ActiveCfg = Release|Any CPU
		{68AF689F-E972-453D-898C-BBC419825F8A}.Release|Any CPU.Build.0 = Release|Any CPU
	EndGlobalSection
	GlobalSection(SolutionProperties) = preSolution
		HideSolutionNode = FALSE
	EndGlobalSection
	GlobalSection(ExtensibilityGlobals) = postSolution
		SolutionGuid = {3B85E6ED-E4D3-48EE-BDE5-C82AD8371F6B}
	EndGlobalSection
EndGlobal
